
Microsoft Visual Studio Solution File, Format Version 11.00
# Visual Studio 2010
Project("{6989167D-11E4-40FE-8C1A-2192A86A7E90}") = "Euler_JST_LU-SGS_Dual-time_Moving", "Euler_JST_LU-SGS_Dual-time_Moving\Euler_JST_LU-SGS_Dual-time_Moving.vfproj", "{F18FD9B7-1606-4716-8DF2-B55329209E24}"
EndProject
Global
	GlobalSection(SolutionConfigurationPlatforms) = preSolution
		Debug|Win32 = Debug|Win32
		Release|Win32 = Release|Win32
	EndGlobalSection
	GlobalSection(ProjectConfigurationPlatforms) = postSolution
		{F18FD9B7-1606-4716-8DF2-B55329209E24}.Debug|Win32.ActiveCfg = Debug|Win32
		{F18FD9B7-1606-4716-8DF2-B55329209E24}.Debug|Win32.Build.0 = Debug|Win32
		{F18FD9B7-1606-4716-8DF2-B55329209E24}.Release|Win32.ActiveCfg = Release|Win32
		{F18FD9B7-1606-4716-8DF2-B55329209E24}.Release|Win32.Build.0 = Release|Win32
	EndGlobalSection
	GlobalSection(SolutionProperties) = preSolution
		HideSolutionNode = FALSE
	EndGlobalSection
EndGlobal
